// !$*UTF8*$!
{
	archiveVersion = 1;
	classes = {
	};
	objectVersion = 50;
	objects = {

/* Begin PBXBuildFile section */
		2095E7DA6D25DECE74A17647 /* libPods-YYProjectTests.a in Frameworks */ = {isa = PBXBuildFile; fileRef = 32DC7FABD71E02D3726F4D2F /* libPods-YYProjectTests.a */; };
		97A418236274164B0FC9E8AC /* libPods-YYProject.a in Frameworks */ = {isa = PBXBuildFile; fileRef = 723DFA20A8411F774CBC8223 /* libPods-YYProject.a */; };
		BC02944C21AB9BC2002AF4D0 /* YYUIManager.m in Sources */ = {isa = PBXBuildFile; fileRef = BC02944B21AB9BC2002AF4D0 /* YYUIManager.m */; };
		BC02945221AB9E6D002AF4D0 /* YYTabBarController.m in Sources */ = {isa = PBXBuildFile; fileRef = BC02945121AB9E6D002AF4D0 /* YYTabBarController.m */; };
		BC05499821ACF13D0017D981 /* YYHomeViewController.m in Sources */ = {isa = PBXBuildFile; fileRef = BC05499721ACF13D0017D981 /* YYHomeViewController.m */; };
		BC05499C21AD1FEC0017D981 /* YYAlignmentButton.m in Sources */ = {isa = PBXBuildFile; fileRef = BC05499B21AD1FEC0017D981 /* YYAlignmentButton.m */; };
		BC0549A221AD3AA70017D981 /* UIView+Extension.m in Sources */ = {isa = PBXBuildFile; fileRef = BC0549A121AD3AA70017D981 /* UIView+Extension.m */; };
		BC0549A521AD44AF0017D981 /* UIColor+Extension.m in Sources */ = {isa = PBXBuildFile; fileRef = BC0549A421AD44AF0017D981 /* UIColor+Extension.m */; };
		BC290AE121A798460039E2F8 /* Assets.xcassets in Resources */ = {isa = PBXBuildFile; fileRef = BC290ADC21A798460039E2F8 /* Assets.xcassets */; };
		BC290AE221A798460039E2F8 /* LaunchScreen.storyboard in Resources */ = {isa = PBXBuildFile; fileRef = BC290ADD21A798460039E2F8 /* LaunchScreen.storyboard */; };
		BC290AE321A798460039E2F8 /* main.m in Sources */ = {isa = PBXBuildFile; fileRef = BC290ADF21A798460039E2F8 /* main.m */; };
		BC290AE421A798460039E2F8 /* Info.plist in Resources */ = {isa = PBXBuildFile; fileRef = BC290AE021A798460039E2F8 /* Info.plist */; };
		BC290B1721A79B190039E2F8 /* UIScrollView+TouchEvent.m in Sources */ = {isa = PBXBuildFile; fileRef = BC290AF221A79B190039E2F8 /* UIScrollView+TouchEvent.m */; };
		BC290B1B21A79B190039E2F8 /* UIButton+Extension.m in Sources */ = {isa = PBXBuildFile; fileRef = BC290AF921A79B190039E2F8 /* UIButton+Extension.m */; };
		BC290B1D21A79B190039E2F8 /* NSString+CommonUseTool.m in Sources */ = {isa = PBXBuildFile; fileRef = BC290AFF21A79B190039E2F8 /* NSString+CommonUseTool.m */; };
		BC290B2021A79B190039E2F8 /* NSDate+Category.m in Sources */ = {isa = PBXBuildFile; fileRef = BC290B0221A79B190039E2F8 /* NSDate+Category.m */; };
		BC290B2621A79B1A0039E2F8 /* NSDecimalNumber+Addtion.m in Sources */ = {isa = PBXBuildFile; fileRef = BC290B1221A79B190039E2F8 /* NSDecimalNumber+Addtion.m */; };
		BC290B3921A79B230039E2F8 /* FZMBaseViewController.m in Sources */ = {isa = PBXBuildFile; fileRef = BC290B3321A79B230039E2F8 /* FZMBaseViewController.m */; };
		BC290B3A21A79B230039E2F8 /* FZMBaseView.m in Sources */ = {isa = PBXBuildFile; fileRef = BC290B3521A79B230039E2F8 /* FZMBaseView.m */; };
		BCC5224820DF821A00915076 /* AppDelegate.m in Sources */ = {isa = PBXBuildFile; fileRef = BCC5224720DF821A00915076 /* AppDelegate.m */; };
		BCC5226020DF821C00915076 /* YYProjectTests.m in Sources */ = {isa = PBXBuildFile; fileRef = BCC5225F20DF821C00915076 /* YYProjectTests.m */; };
		BCC5226B20DF821C00915076 /* YYProjectUITests.m in Sources */ = {isa = PBXBuildFile; fileRef = BCC5226A20DF821C00915076 /* YYProjectUITests.m */; };
		E031E760304F40DDA2A7EDCC /* libPods-YYProjectUITests.a in Frameworks */ = {isa = PBXBuildFile; fileRef = 98AFDFC5FDC9563A62FEE6AE /* libPods-YYProjectUITests.a */; };
/* End PBXBuildFile section */

/* Begin PBXContainerItemProxy section */
		BCC5225C20DF821C00915076 /* PBXContainerItemProxy */ = {
			isa = PBXContainerItemProxy;
			containerPortal = BCC5223B20DF821A00915076 /* Project object */;
			proxyType = 1;
			remoteGlobalIDString = BCC5224220DF821A00915076;
			remoteInfo = YYProject;
		};
		BCC5226720DF821C00915076 /* PBXContainerItemProxy */ = {
			isa = PBXContainerItemProxy;
			containerPortal = BCC5223B20DF821A00915076 /* Project object */;
			proxyType = 1;
			remoteGlobalIDString = BCC5224220DF821A00915076;
			remoteInfo = YYProject;
		};
/* End PBXContainerItemProxy section */

/* Begin PBXFileReference section */
		32DC7FABD71E02D3726F4D2F /* libPods-YYProjectTests.a */ = {isa = PBXFileReference; explicitFileType = archive.ar; includeInIndex = 0; path = "libPods-YYProjectTests.a"; sourceTree = BUILT_PRODUCTS_DIR; };
		438A20D041E09540E75DD5D8 /* Pods-YYProject.release.xcconfig */ = {isa = PBXFileReference; includeInIndex = 1; lastKnownFileType = text.xcconfig; name = "Pods-YYProject.release.xcconfig"; path = "Pods/Target Support Files/Pods-YYProject/Pods-YYProject.release.xcconfig"; sourceTree = "<group>"; };
		723DFA20A8411F774CBC8223 /* libPods-YYProject.a */ = {isa = PBXFileReference; explicitFileType = archive.ar; includeInIndex = 0; path = "libPods-YYProject.a"; sourceTree = BUILT_PRODUCTS_DIR; };
		7FDC4EC9BF3878A821F48DE0 /* Pods-YYProjectUITests.debug.xcconfig */ = {isa = PBXFileReference; includeInIndex = 1; lastKnownFileType = text.xcconfig; name = "Pods-YYProjectUITests.debug.xcconfig"; path = "Pods/Target Support Files/Pods-YYProjectUITests/Pods-YYProjectUITests.debug.xcconfig"; sourceTree = "<group>"; };
		840184932722718BCF808A27 /* Pods-YYProjectTests.debug.xcconfig */ = {isa = PBXFileReference; includeInIndex = 1; lastKnownFileType = text.xcconfig; name = "Pods-YYProjectTests.debug.xcconfig"; path = "Pods/Target Support Files/Pods-YYProjectTests/Pods-YYProjectTests.debug.xcconfig"; sourceTree = "<group>"; };
		98AFDFC5FDC9563A62FEE6AE /* libPods-YYProjectUITests.a */ = {isa = PBXFileReference; explicitFileType = archive.ar; includeInIndex = 0; path = "libPods-YYProjectUITests.a"; sourceTree = BUILT_PRODUCTS_DIR; };
		A1F49C961E601178366D6185 /* Pods-YYProject.debug.xcconfig */ = {isa = PBXFileReference; includeInIndex = 1; lastKnownFileType = text.xcconfig; name = "Pods-YYProject.debug.xcconfig"; path = "Pods/Target Support Files/Pods-YYProject/Pods-YYProject.debug.xcconfig"; sourceTree = "<group>"; };
		B96C6EE10229317649F697DB /* Pods-YYProjectUITests.release.xcconfig */ = {isa = PBXFileReference; includeInIndex = 1; lastKnownFileType = text.xcconfig; name = "Pods-YYProjectUITests.release.xcconfig"; path = "Pods/Target Support Files/Pods-YYProjectUITests/Pods-YYProjectUITests.release.xcconfig"; sourceTree = "<group>"; };
		BC02944A21AB9BC2002AF4D0 /* YYUIManager.h */ = {isa = PBXFileReference; lastKnownFileType = sourcecode.c.h; path = YYUIManager.h; sourceTree = "<group>"; };
		BC02944B21AB9BC2002AF4D0 /* YYUIManager.m */ = {isa = PBXFileReference; lastKnownFileType = sourcecode.c.objc; path = YYUIManager.m; sourceTree = "<group>"; };
		BC02945021AB9E6D002AF4D0 /* YYTabBarController.h */ = {isa = PBXFileReference; lastKnownFileType = sourcecode.c.h; path = YYTabBarController.h; sourceTree = "<group>"; };
		BC02945121AB9E6D002AF4D0 /* YYTabBarController.m */ = {isa = PBXFileReference; lastKnownFileType = sourcecode.c.objc; path = YYTabBarController.m; sourceTree = "<group>"; };
		BC05499621ACF13D0017D981 /* YYHomeViewController.h */ = {isa = PBXFileReference; lastKnownFileType = sourcecode.c.h; path = YYHomeViewController.h; sourceTree = "<group>"; };
		BC05499721ACF13D0017D981 /* YYHomeViewController.m */ = {isa = PBXFileReference; lastKnownFileType = sourcecode.c.objc; path = YYHomeViewController.m; sourceTree = "<group>"; };
		BC05499A21AD1FEC0017D981 /* YYAlignmentButton.h */ = {isa = PBXFileReference; lastKnownFileType = sourcecode.c.h; path = YYAlignmentButton.h; sourceTree = "<group>"; };
		BC05499B21AD1FEC0017D981 /* YYAlignmentButton.m */ = {isa = PBXFileReference; lastKnownFileType = sourcecode.c.objc; path = YYAlignmentButton.m; sourceTree = "<group>"; };
		BC0549A021AD3AA70017D981 /* UIView+Extension.h */ = {isa = PBXFileReference; lastKnownFileType = sourcecode.c.h; path = "UIView+Extension.h"; sourceTree = "<group>"; };
		BC0549A121AD3AA70017D981 /* UIView+Extension.m */ = {isa = PBXFileReference; lastKnownFileType = sourcecode.c.objc; path = "UIView+Extension.m"; sourceTree = "<group>"; };
		BC0549A321AD44AF0017D981 /* UIColor+Extension.h */ = {isa = PBXFileReference; lastKnownFileType = sourcecode.c.h; path = "UIColor+Extension.h"; sourceTree = "<group>"; };
		BC0549A421AD44AF0017D981 /* UIColor+Extension.m */ = {isa = PBXFileReference; lastKnownFileType = sourcecode.c.objc; path = "UIColor+Extension.m"; sourceTree = "<group>"; };
		BC290ADC21A798460039E2F8 /* Assets.xcassets */ = {isa = PBXFileReference; lastKnownFileType = folder.assetcatalog; path = Assets.xcassets; sourceTree = "<group>"; };
		BC290ADE21A798460039E2F8 /* Base */ = {isa = PBXFileReference; lastKnownFileType = file.storyboard; name = Base; path = Base.lproj/LaunchScreen.storyboard; sourceTree = "<group>"; };
		BC290ADF21A798460039E2F8 /* main.m */ = {isa = PBXFileReference; fileEncoding = 4; lastKnownFileType = sourcecode.c.objc; path = main.m; sourceTree = "<group>"; };
		BC290AE021A798460039E2F8 /* Info.plist */ = {isa = PBXFileReference; fileEncoding = 4; lastKnownFileType = text.plist.xml; path = Info.plist; sourceTree = "<group>"; };
		BC290AE621A79B190039E2F8 /* ERPrefixHeader.pch */ = {isa = PBXFileReference; fileEncoding = 4; lastKnownFileType = sourcecode.c.h; path = ERPrefixHeader.pch; sourceTree = "<group>"; };
		BC290AE721A79B190039E2F8 /* ERConstants.h */ = {isa = PBXFileReference; fileEncoding = 4; lastKnownFileType = sourcecode.c.h; path = ERConstants.h; sourceTree = "<group>"; };
		BC290AE821A79B190039E2F8 /* YYFontMacros.h */ = {isa = PBXFileReference; fileEncoding = 4; lastKnownFileType = sourcecode.c.h; path = YYFontMacros.h; sourceTree = "<group>"; };
		BC290AE921A79B190039E2F8 /* YYColorMacros.h */ = {isa = PBXFileReference; fileEncoding = 4; lastKnownFileType = sourcecode.c.h; path = YYColorMacros.h; sourceTree = "<group>"; };
		BC290AEA21A79B190039E2F8 /* ERAPI.h */ = {isa = PBXFileReference; fileEncoding = 4; lastKnownFileType = sourcecode.c.h; path = ERAPI.h; sourceTree = "<group>"; };
		BC290AEB21A79B190039E2F8 /* YYUtilsMacros.h */ = {isa = PBXFileReference; fileEncoding = 4; lastKnownFileType = sourcecode.c.h; path = YYUtilsMacros.h; sourceTree = "<group>"; };
		BC290AF121A79B190039E2F8 /* UIButton+Extension.h */ = {isa = PBXFileReference; fileEncoding = 4; lastKnownFileType = sourcecode.c.h; path = "UIButton+Extension.h"; sourceTree = "<group>"; };
		BC290AF221A79B190039E2F8 /* UIScrollView+TouchEvent.m */ = {isa = PBXFileReference; fileEncoding = 4; lastKnownFileType = sourcecode.c.objc; path = "UIScrollView+TouchEvent.m"; sourceTree = "<group>"; };
		BC290AF821A79B190039E2F8 /* UIScrollView+TouchEvent.h */ = {isa = PBXFileReference; fileEncoding = 4; lastKnownFileType = sourcecode.c.h; path = "UIScrollView+TouchEvent.h"; sourceTree = "<group>"; };
		BC290AF921A79B190039E2F8 /* UIButton+Extension.m */ = {isa = PBXFileReference; fileEncoding = 4; lastKnownFileType = sourcecode.c.objc; path = "UIButton+Extension.m"; sourceTree = "<group>"; };
		BC290AFF21A79B190039E2F8 /* NSString+CommonUseTool.m */ = {isa = PBXFileReference; fileEncoding = 4; lastKnownFileType = sourcecode.c.objc; path = "NSString+CommonUseTool.m"; sourceTree = "<group>"; };
		BC290B0221A79B190039E2F8 /* NSDate+Category.m */ = {isa = PBXFileReference; fileEncoding = 4; lastKnownFileType = sourcecode.c.objc; path = "NSDate+Category.m"; sourceTree = "<group>"; };
		BC290B0921A79B190039E2F8 /* NSDecimalNumber+Addtion.h */ = {isa = PBXFileReference; fileEncoding = 4; lastKnownFileType = sourcecode.c.h; path = "NSDecimalNumber+Addtion.h"; sourceTree = "<group>"; };
		BC290B0A21A79B190039E2F8 /* NSDate+Category.h */ = {isa = PBXFileReference; fileEncoding = 4; lastKnownFileType = sourcecode.c.h; path = "NSDate+Category.h"; sourceTree = "<group>"; };
		BC290B0D21A79B190039E2F8 /* NSString+CommonUseTool.h */ = {isa = PBXFileReference; fileEncoding = 4; lastKnownFileType = sourcecode.c.h; path = "NSString+CommonUseTool.h"; sourceTree = "<group>"; };
		BC290B1221A79B190039E2F8 /* NSDecimalNumber+Addtion.m */ = {isa = PBXFileReference; fileEncoding = 4; lastKnownFileType = sourcecode.c.objc; path = "NSDecimalNumber+Addtion.m"; sourceTree = "<group>"; };
		BC290B3221A79B230039E2F8 /* FZMBaseViewController.h */ = {isa = PBXFileReference; fileEncoding = 4; lastKnownFileType = sourcecode.c.h; path = FZMBaseViewController.h; sourceTree = "<group>"; };
		BC290B3321A79B230039E2F8 /* FZMBaseViewController.m */ = {isa = PBXFileReference; fileEncoding = 4; lastKnownFileType = sourcecode.c.objc; path = FZMBaseViewController.m; sourceTree = "<group>"; };
		BC290B3521A79B230039E2F8 /* FZMBaseView.m */ = {isa = PBXFileReference; fileEncoding = 4; lastKnownFileType = sourcecode.c.objc; path = FZMBaseView.m; sourceTree = "<group>"; };
		BC290B3621A79B230039E2F8 /* FZMBaseView.h */ = {isa = PBXFileReference; fileEncoding = 4; lastKnownFileType = sourcecode.c.h; path = FZMBaseView.h; sourceTree = "<group>"; };
		BCC5224320DF821A00915076 /* YYProject.app */ = {isa = PBXFileReference; explicitFileType = wrapper.application; includeInIndex = 0; path = YYProject.app; sourceTree = BUILT_PRODUCTS_DIR; };
		BCC5224620DF821A00915076 /* AppDelegate.h */ = {isa = PBXFileReference; lastKnownFileType = sourcecode.c.h; path = AppDelegate.h; sourceTree = "<group>"; };
		BCC5224720DF821A00915076 /* AppDelegate.m */ = {isa = PBXFileReference; lastKnownFileType = sourcecode.c.objc; path = AppDelegate.m; sourceTree = "<group>"; };
		BCC5225B20DF821C00915076 /* YYProjectTests.xctest */ = {isa = PBXFileReference; explicitFileType = wrapper.cfbundle; includeInIndex = 0; path = YYProjectTests.xctest; sourceTree = BUILT_PRODUCTS_DIR; };
		BCC5225F20DF821C00915076 /* YYProjectTests.m */ = {isa = PBXFileReference; lastKnownFileType = sourcecode.c.objc; path = YYProjectTests.m; sourceTree = "<group>"; };
		BCC5226120DF821C00915076 /* Info.plist */ = {isa = PBXFileReference; lastKnownFileType = text.plist.xml; path = Info.plist; sourceTree = "<group>"; };
		BCC5226620DF821C00915076 /* YYProjectUITests.xctest */ = {isa = PBXFileReference; explicitFileType = wrapper.cfbundle; includeInIndex = 0; path = YYProjectUITests.xctest; sourceTree = BUILT_PRODUCTS_DIR; };
		BCC5226A20DF821C00915076 /* YYProjectUITests.m */ = {isa = PBXFileReference; lastKnownFileType = sourcecode.c.objc; path = YYProjectUITests.m; sourceTree = "<group>"; };
		BCC5226C20DF821C00915076 /* Info.plist */ = {isa = PBXFileReference; lastKnownFileType = text.plist.xml; path = Info.plist; sourceTree = "<group>"; };
		FDFDEFEF2094EDAE20564E4F /* Pods-YYProjectTests.release.xcconfig */ = {isa = PBXFileReference; includeInIndex = 1; lastKnownFileType = text.xcconfig; name = "Pods-YYProjectTests.release.xcconfig"; path = "Pods/Target Support Files/Pods-YYProjectTests/Pods-YYProjectTests.release.xcconfig"; sourceTree = "<group>"; };
/* End PBXFileReference section */

/* Begin PBXFrameworksBuildPhase section */
		BCC5224020DF821A00915076 /* Frameworks */ = {
			isa = PBXFrameworksBuildPhase;
			buildActionMask = 2147483647;
			files = (
				97A418236274164B0FC9E8AC /* libPods-YYProject.a in Frameworks */,
			);
			runOnlyForDeploymentPostprocessing = 0;
		};
		BCC5225820DF821C00915076 /* Frameworks */ = {
			isa = PBXFrameworksBuildPhase;
			buildActionMask = 2147483647;
			files = (
				2095E7DA6D25DECE74A17647 /* libPods-YYProjectTests.a in Frameworks */,
			);
			runOnlyForDeploymentPostprocessing = 0;
		};
		BCC5226320DF821C00915076 /* Frameworks */ = {
			isa = PBXFrameworksBuildPhase;
			buildActionMask = 2147483647;
			files = (
				E031E760304F40DDA2A7EDCC /* libPods-YYProjectUITests.a in Frameworks */,
			);
			runOnlyForDeploymentPostprocessing = 0;
		};
/* End PBXFrameworksBuildPhase section */

/* Begin PBXGroup section */
		70C4D51F8DF8F559DEFFB2C9 /* Frameworks */ = {
			isa = PBXGroup;
			children = (
				723DFA20A8411F774CBC8223 /* libPods-YYProject.a */,
				32DC7FABD71E02D3726F4D2F /* libPods-YYProjectTests.a */,
				98AFDFC5FDC9563A62FEE6AE /* libPods-YYProjectUITests.a */,
			);
			name = Frameworks;
			sourceTree = "<group>";
		};
		A65FA74323480B7553D3718B /* Pods */ = {
			isa = PBXGroup;
			children = (
				A1F49C961E601178366D6185 /* Pods-YYProject.debug.xcconfig */,
				438A20D041E09540E75DD5D8 /* Pods-YYProject.release.xcconfig */,
				840184932722718BCF808A27 /* Pods-YYProjectTests.debug.xcconfig */,
				FDFDEFEF2094EDAE20564E4F /* Pods-YYProjectTests.release.xcconfig */,
				7FDC4EC9BF3878A821F48DE0 /* Pods-YYProjectUITests.debug.xcconfig */,
				B96C6EE10229317649F697DB /* Pods-YYProjectUITests.release.xcconfig */,
			);
			name = Pods;
			sourceTree = "<group>";
		};
		BC02944921AB9BA9002AF4D0 /* UIManager */ = {
			isa = PBXGroup;
			children = (
				BC02944A21AB9BC2002AF4D0 /* YYUIManager.h */,
				BC02944B21AB9BC2002AF4D0 /* YYUIManager.m */,
			);
			path = UIManager;
			sourceTree = "<group>";
		};
		BC05499521ACF1280017D981 /* Home */ = {
			isa = PBXGroup;
			children = (
				BC05499621ACF13D0017D981 /* YYHomeViewController.h */,
				BC05499721ACF13D0017D981 /* YYHomeViewController.m */,
			);
			path = Home;
			sourceTree = "<group>";
		};
		BC05499921AD1FAB0017D981 /* UIKit */ = {
			isa = PBXGroup;
			children = (
				BC05499A21AD1FEC0017D981 /* YYAlignmentButton.h */,
				BC05499B21AD1FEC0017D981 /* YYAlignmentButton.m */,
			);
			path = UIKit;
			sourceTree = "<group>";
		};
		BC290ADA21A798460039E2F8 /* Other */ = {
			isa = PBXGroup;
			children = (
				BC05499921AD1FAB0017D981 /* UIKit */,
				BC290AEC21A79B190039E2F8 /* Category */,
				BC290AE521A79B190039E2F8 /* Config */,
				BC290ADB21A798460039E2F8 /* TargetLibrary */,
			);
			path = Other;
			sourceTree = "<group>";
		};
		BC290ADB21A798460039E2F8 /* TargetLibrary */ = {
			isa = PBXGroup;
			children = (
				BC290ADC21A798460039E2F8 /* Assets.xcassets */,
				BC290ADD21A798460039E2F8 /* LaunchScreen.storyboard */,
				BC290ADF21A798460039E2F8 /* main.m */,
				BC290AE021A798460039E2F8 /* Info.plist */,
			);
			path = TargetLibrary;
			sourceTree = "<group>";
		};
		BC290AE521A79B190039E2F8 /* Config */ = {
			isa = PBXGroup;
			children = (
				BC290AE621A79B190039E2F8 /* ERPrefixHeader.pch */,
				BC290AE821A79B190039E2F8 /* YYFontMacros.h */,
				BC290AE921A79B190039E2F8 /* YYColorMacros.h */,
				BC290AEA21A79B190039E2F8 /* ERAPI.h */,
				BC290AEB21A79B190039E2F8 /* YYUtilsMacros.h */,
				BC290AE721A79B190039E2F8 /* ERConstants.h */,
			);
			path = Config;
			sourceTree = "<group>";
		};
		BC290AEC21A79B190039E2F8 /* Category */ = {
			isa = PBXGroup;
			children = (
				BC290AED21A79B190039E2F8 /* UIkit */,
				BC290AFE21A79B190039E2F8 /* Foundation */,
			);
			path = Category;
			sourceTree = "<group>";
		};
		BC290AED21A79B190039E2F8 /* UIkit */ = {
			isa = PBXGroup;
			children = (
				BC290AF121A79B190039E2F8 /* UIButton+Extension.h */,
				BC290AF921A79B190039E2F8 /* UIButton+Extension.m */,
				BC0549A021AD3AA70017D981 /* UIView+Extension.h */,
				BC0549A121AD3AA70017D981 /* UIView+Extension.m */,
				BC290AF821A79B190039E2F8 /* UIScrollView+TouchEvent.h */,
				BC290AF221A79B190039E2F8 /* UIScrollView+TouchEvent.m */,
				BC0549A321AD44AF0017D981 /* UIColor+Extension.h */,
				BC0549A421AD44AF0017D981 /* UIColor+Extension.m */,
			);
			path = UIkit;
			sourceTree = "<group>";
		};
		BC290AFE21A79B190039E2F8 /* Foundation */ = {
			isa = PBXGroup;
			children = (
				BC290B0D21A79B190039E2F8 /* NSString+CommonUseTool.h */,
				BC290AFF21A79B190039E2F8 /* NSString+CommonUseTool.m */,
				BC290B0A21A79B190039E2F8 /* NSDate+Category.h */,
				BC290B0221A79B190039E2F8 /* NSDate+Category.m */,
				BC290B0921A79B190039E2F8 /* NSDecimalNumber+Addtion.h */,
				BC290B1221A79B190039E2F8 /* NSDecimalNumber+Addtion.m */,
			);
			path = Foundation;
			sourceTree = "<group>";
		};
		BC290B2821A79B230039E2F8 /* Main */ = {
			isa = PBXGroup;
			children = (
				BC02944921AB9BA9002AF4D0 /* UIManager */,
				BC290B2D21A79B230039E2F8 /* Controller */,
			);
			path = Main;
			sourceTree = "<group>";
		};
		BC290B2D21A79B230039E2F8 /* Controller */ = {
			isa = PBXGroup;
			children = (
				BC02945021AB9E6D002AF4D0 /* YYTabBarController.h */,
				BC02945121AB9E6D002AF4D0 /* YYTabBarController.m */,
			);
			path = Controller;
			sourceTree = "<group>";
		};
		BC290B3021A79B230039E2F8 /* Base */ = {
			isa = PBXGroup;
			children = (
				BC290B3121A79B230039E2F8 /* Controller */,
				BC290B3421A79B230039E2F8 /* View */,
			);
			path = Base;
			sourceTree = "<group>";
		};
		BC290B3121A79B230039E2F8 /* Controller */ = {
			isa = PBXGroup;
			children = (
				BC290B3221A79B230039E2F8 /* FZMBaseViewController.h */,
				BC290B3321A79B230039E2F8 /* FZMBaseViewController.m */,
			);
			path = Controller;
			sourceTree = "<group>";
		};
		BC290B3421A79B230039E2F8 /* View */ = {
			isa = PBXGroup;
			children = (
				BC290B3521A79B230039E2F8 /* FZMBaseView.m */,
				BC290B3621A79B230039E2F8 /* FZMBaseView.h */,
			);
			path = View;
			sourceTree = "<group>";
		};
		BCC5223A20DF821A00915076 = {
			isa = PBXGroup;
			children = (
				BCC5224520DF821A00915076 /* YYProject */,
				BCC5225E20DF821C00915076 /* YYProjectTests */,
				BCC5226920DF821C00915076 /* YYProjectUITests */,
				BCC5224420DF821A00915076 /* Products */,
				A65FA74323480B7553D3718B /* Pods */,
				70C4D51F8DF8F559DEFFB2C9 /* Frameworks */,
			);
			sourceTree = "<group>";
		};
		BCC5224420DF821A00915076 /* Products */ = {
			isa = PBXGroup;
			children = (
				BCC5224320DF821A00915076 /* YYProject.app */,
				BCC5225B20DF821C00915076 /* YYProjectTests.xctest */,
				BCC5226620DF821C00915076 /* YYProjectUITests.xctest */,
			);
			name = Products;
			sourceTree = "<group>";
		};
		BCC5224520DF821A00915076 /* YYProject */ = {
			isa = PBXGroup;
			children = (
				BC05499521ACF1280017D981 /* Home */,
				BC290B3021A79B230039E2F8 /* Base */,
				BC290B2821A79B230039E2F8 /* Main */,
				BC290ADA21A798460039E2F8 /* Other */,
				BCC5224620DF821A00915076 /* AppDelegate.h */,
				BCC5224720DF821A00915076 /* AppDelegate.m */,
			);
			path = YYProject;
			sourceTree = "<group>";
		};
		BCC5225E20DF821C00915076 /* YYProjectTests */ = {
			isa = PBXGroup;
			children = (
				BCC5225F20DF821C00915076 /* YYProjectTests.m */,
				BCC5226120DF821C00915076 /* Info.plist */,
			);
			path = YYProjectTests;
			sourceTree = "<group>";
		};
		BCC5226920DF821C00915076 /* YYProjectUITests */ = {
			isa = PBXGroup;
			children = (
				BCC5226A20DF821C00915076 /* YYProjectUITests.m */,
				BCC5226C20DF821C00915076 /* Info.plist */,
			);
			path = YYProjectUITests;
			sourceTree = "<group>";
		};
/* End PBXGroup section */

/* Begin PBXNativeTarget section */
		BCC5224220DF821A00915076 /* YYProject */ = {
			isa = PBXNativeTarget;
			buildConfigurationList = BCC5226F20DF821C00915076 /* Build configuration list for PBXNativeTarget "YYProject" */;
			buildPhases = (
				E306593E8014B661C0271D9C /* [CP] Check Pods Manifest.lock */,
				BCC5223F20DF821A00915076 /* Sources */,
				BCC5224020DF821A00915076 /* Frameworks */,
				BCC5224120DF821A00915076 /* Resources */,
				C5C14E3900351915B448748A /* [CP] Copy Pods Resources */,
			);
			buildRules = (
			);
			dependencies = (
			);
			name = YYProject;
			productName = YYProject;
			productReference = BCC5224320DF821A00915076 /* YYProject.app */;
			productType = "com.apple.product-type.application";
		};
		BCC5225A20DF821C00915076 /* YYProjectTests */ = {
			isa = PBXNativeTarget;
			buildConfigurationList = BCC5227220DF821C00915076 /* Build configuration list for PBXNativeTarget "YYProjectTests" */;
			buildPhases = (
				059170E9074D575C3DCF8233 /* [CP] Check Pods Manifest.lock */,
				BCC5225720DF821C00915076 /* Sources */,
				BCC5225820DF821C00915076 /* Frameworks */,
				BCC5225920DF821C00915076 /* Resources */,
			);
			buildRules = (
			);
			dependencies = (
				BCC5225D20DF821C00915076 /* PBXTargetDependency */,
			);
			name = YYProjectTests;
			productName = YYProjectTests;
			productReference = BCC5225B20DF821C00915076 /* YYProjectTests.xctest */;
			productType = "com.apple.product-type.bundle.unit-test";
		};
		BCC5226520DF821C00915076 /* YYProjectUITests */ = {
			isa = PBXNativeTarget;
			buildConfigurationList = BCC5227520DF821C00915076 /* Build configuration list for PBXNativeTarget "YYProjectUITests" */;
			buildPhases = (
				FECEAB327624A57B38F40084 /* [CP] Check Pods Manifest.lock */,
				BCC5226220DF821C00915076 /* Sources */,
				BCC5226320DF821C00915076 /* Frameworks */,
				BCC5226420DF821C00915076 /* Resources */,
			);
			buildRules = (
			);
			dependencies = (
				BCC5226820DF821C00915076 /* PBXTargetDependency */,
			);
			name = YYProjectUITests;
			productName = YYProjectUITests;
			productReference = BCC5226620DF821C00915076 /* YYProjectUITests.xctest */;
			productType = "com.apple.product-type.bundle.ui-testing";
		};
/* End PBXNativeTarget section */

/* Begin PBXProject section */
		BCC5223B20DF821A00915076 /* Project object */ = {
			isa = PBXProject;
			attributes = {
				LastUpgradeCheck = 0940;
				ORGANIZATIONNAME = SuperYu;
				TargetAttributes = {
					BCC5224220DF821A00915076 = {
						CreatedOnToolsVersion = 9.4.1;
					};
					BCC5225A20DF821C00915076 = {
						CreatedOnToolsVersion = 9.4.1;
						TestTargetID = BCC5224220DF821A00915076;
					};
					BCC5226520DF821C00915076 = {
						CreatedOnToolsVersion = 9.4.1;
						TestTargetID = BCC5224220DF821A00915076;
					};
				};
			};
			buildConfigurationList = BCC5223E20DF821A00915076 /* Build configuration list for PBXProject "YYProject" */;
			compatibilityVersion = "Xcode 9.3";
			developmentRegion = en;
			hasScannedForEncodings = 0;
			knownRegions = (
				en,
				Base,
			);
			mainGroup = BCC5223A20DF821A00915076;
			productRefGroup = BCC5224420DF821A00915076 /* Products */;
			projectDirPath = "";
			projectRoot = "";
			targets = (
				BCC5224220DF821A00915076 /* YYProject */,
				BCC5225A20DF821C00915076 /* YYProjectTests */,
				BCC5226520DF821C00915076 /* YYProjectUITests */,
			);
		};
/* End PBXProject section */

/* Begin PBXResourcesBuildPhase section */
		BCC5224120DF821A00915076 /* Resources */ = {
			isa = PBXResourcesBuildPhase;
			buildActionMask = 2147483647;
			files = (
				BC290AE121A798460039E2F8 /* Assets.xcassets in Resources */,
				BC290AE221A798460039E2F8 /* LaunchScreen.storyboard in Resources */,
				BC290AE421A798460039E2F8 /* Info.plist in Resources */,
			);
			runOnlyForDeploymentPostprocessing = 0;
		};
		BCC5225920DF821C00915076 /* Resources */ = {
			isa = PBXResourcesBuildPhase;
			buildActionMask = 2147483647;
			files = (
			);
			runOnlyForDeploymentPostprocessing = 0;
		};
		BCC5226420DF821C00915076 /* Resources */ = {
			isa = PBXResourcesBuildPhase;
			buildActionMask = 2147483647;
			files = (
			);
			runOnlyForDeploymentPostprocessing = 0;
		};
/* End PBXResourcesBuildPhase section */

/* Begin PBXShellScriptBuildPhase section */
		059170E9074D575C3DCF8233 /* [CP] Check Pods Manifest.lock */ = {
			isa = PBXShellScriptBuildPhase;
			buildActionMask = 2147483647;
			files = (
			);
			inputPaths = (
				"${PODS_PODFILE_DIR_PATH}/Podfile.lock",
				"${PODS_ROOT}/Manifest.lock",
			);
			name = "[CP] Check Pods Manifest.lock";
			outputPaths = (
				"$(DERIVED_FILE_DIR)/Pods-YYProjectTests-checkManifestLockResult.txt",
			);
			runOnlyForDeploymentPostprocessing = 0;
			shellPath = /bin/sh;
			shellScript = "diff \"${PODS_PODFILE_DIR_PATH}/Podfile.lock\" \"${PODS_ROOT}/Manifest.lock\" > /dev/null\nif [ $? != 0 ] ; then\n    # print error to STDERR\n    echo \"error: The sandbox is not in sync with the Podfile.lock. Run 'pod install' or update your CocoaPods installation.\" >&2\n    exit 1\nfi\n# This output is used by Xcode 'outputs' to avoid re-running this script phase.\necho \"SUCCESS\" > \"${SCRIPT_OUTPUT_FILE_0}\"\n";
			showEnvVarsInLog = 0;
		};
		C5C14E3900351915B448748A /* [CP] Copy Pods Resources */ = {
			isa = PBXShellScriptBuildPhase;
			buildActionMask = 2147483647;
			files = (
			);
			inputPaths = (
				"${SRCROOT}/Pods/Target Support Files/Pods-YYProject/Pods-YYProject-resources.sh",
				"${PODS_ROOT}/MJRefresh/MJRefresh/MJRefresh.bundle",
			);
			name = "[CP] Copy Pods Resources";
			outputPaths = (
				"${TARGET_BUILD_DIR}/${UNLOCALIZED_RESOURCES_FOLDER_PATH}/MJRefresh.bundle",
			);
			runOnlyForDeploymentPostprocessing = 0;
			shellPath = /bin/sh;
			shellScript = "\"${SRCROOT}/Pods/Target Support Files/Pods-YYProject/Pods-YYProject-resources.sh\"\n";
			showEnvVarsInLog = 0;
		};
		E306593E8014B661C0271D9C /* [CP] Check Pods Manifest.lock */ = {
			isa = PBXShellScriptBuildPhase;
			buildActionMask = 2147483647;
			files = (
			);
			inputPaths = (
				"${PODS_PODFILE_DIR_PATH}/Podfile.lock",
				"${PODS_ROOT}/Manifest.lock",
			);
			name = "[CP] Check Pods Manifest.lock";
			outputPaths = (
				"$(DERIVED_FILE_DIR)/Pods-YYProject-checkManifestLockResult.txt",
			);
			runOnlyForDeploymentPostprocessing = 0;
			shellPath = /bin/sh;
			shellScript = "diff \"${PODS_PODFILE_DIR_PATH}/Podfile.lock\" \"${PODS_ROOT}/Manifest.lock\" > /dev/null\nif [ $? != 0 ] ; then\n    # print error to STDERR\n    echo \"error: The sandbox is not in sync with the Podfile.lock. Run 'pod install' or update your CocoaPods installation.\" >&2\n    exit 1\nfi\n# This output is used by Xcode 'outputs' to avoid re-running this script phase.\necho \"SUCCESS\" > \"${SCRIPT_OUTPUT_FILE_0}\"\n";
			showEnvVarsInLog = 0;
		};
		FECEAB327624A57B38F40084 /* [CP] Check Pods Manifest.lock */ = {
			isa = PBXShellScriptBuildPhase;
			buildActionMask = 2147483647;
			files = (
			);
			inputPaths = (
				"${PODS_PODFILE_DIR_PATH}/Podfile.lock",
				"${PODS_ROOT}/Manifest.lock",
			);
			name = "[CP] Check Pods Manifest.lock";
			outputPaths = (
				"$(DERIVED_FILE_DIR)/Pods-YYProjectUITests-checkManifestLockResult.txt",
			);
			runOnlyForDeploymentPostprocessing = 0;
			shellPath = /bin/sh;
			shellScript = "diff \"${PODS_PODFILE_DIR_PATH}/Podfile.lock\" \"${PODS_ROOT}/Manifest.lock\" > /dev/null\nif [ $? != 0 ] ; then\n    # print error to STDERR\n    echo \"error: The sandbox is not in sync with the Podfile.lock. Run 'pod install' or update your CocoaPods installation.\" >&2\n    exit 1\nfi\n# This output is used by Xcode 'outputs' to avoid re-running this script phase.\necho \"SUCCESS\" > \"${SCRIPT_OUTPUT_FILE_0}\"\n";
			showEnvVarsInLog = 0;
		};
/* End PBXShellScriptBuildPhase section */

/* Begin PBXSourcesBuildPhase section */
		BCC5223F20DF821A00915076 /* Sources */ = {
			isa = PBXSourcesBuildPhase;
			buildActionMask = 2147483647;
			files = (
				BC02945221AB9E6D002AF4D0 /* YYTabBarController.m in Sources */,
				BC290AE321A798460039E2F8 /* main.m in Sources */,
				BC290B2021A79B190039E2F8 /* NSDate+Category.m in Sources */,
				BCC5224820DF821A00915076 /* AppDelegate.m in Sources */,
				BC05499821ACF13D0017D981 /* YYHomeViewController.m in Sources */,
				BC05499C21AD1FEC0017D981 /* YYAlignmentButton.m in Sources */,
				BC0549A521AD44AF0017D981 /* UIColor+Extension.m in Sources */,
				BC02944C21AB9BC2002AF4D0 /* YYUIManager.m in Sources */,
				BC290B1721A79B190039E2F8 /* UIScrollView+TouchEvent.m in Sources */,
				BC0549A221AD3AA70017D981 /* UIView+Extension.m in Sources */,
				BC290B3A21A79B230039E2F8 /* FZMBaseView.m in Sources */,
				BC290B1B21A79B190039E2F8 /* UIButton+Extension.m in Sources */,
				BC290B3921A79B230039E2F8 /* FZMBaseViewController.m in Sources */,
				BC290B2621A79B1A0039E2F8 /* NSDecimalNumber+Addtion.m in Sources */,
				BC290B1D21A79B190039E2F8 /* NSString+CommonUseTool.m in Sources */,
			);
			runOnlyForDeploymentPostprocessing = 0;
		};
		BCC5225720DF821C00915076 /* Sources */ = {
			isa = PBXSourcesBuildPhase;
			buildActionMask = 2147483647;
			files = (
				BCC5226020DF821C00915076 /* YYProjectTests.m in Sources */,
			);
			runOnlyForDeploymentPostprocessing = 0;
		};
		BCC5226220DF821C00915076 /* Sources */ = {
			isa = PBXSourcesBuildPhase;
			buildActionMask = 2147483647;
			files = (
				BCC5226B20DF821C00915076 /* YYProjectUITests.m in Sources */,
			);
			runOnlyForDeploymentPostprocessing = 0;
		};
/* End PBXSourcesBuildPhase section */

/* Begin PBXTargetDependency section */
		BCC5225D20DF821C00915076 /* PBXTargetDependency */ = {
			isa = PBXTargetDependency;
			target = BCC5224220DF821A00915076 /* YYProject */;
			targetProxy = BCC5225C20DF821C00915076 /* PBXContainerItemProxy */;
		};
		BCC5226820DF821C00915076 /* PBXTargetDependency */ = {
			isa = PBXTargetDependency;
			target = BCC5224220DF821A00915076 /* YYProject */;
			targetProxy = BCC5226720DF821C00915076 /* PBXContainerItemProxy */;
		};
/* End PBXTargetDependency section */

/* Begin PBXVariantGroup section */
		BC290ADD21A798460039E2F8 /* LaunchScreen.storyboard */ = {
			isa = PBXVariantGroup;
			children = (
				BC290ADE21A798460039E2F8 /* Base */,
			);
			name = LaunchScreen.storyboard;
			sourceTree = "<group>";
		};
/* End PBXVariantGroup section */

/* Begin XCBuildConfiguration section */
		BCC5226D20DF821C00915076 /* Debug */ = {
			isa = XCBuildConfiguration;
			buildSettings = {
				ALWAYS_SEARCH_USER_PATHS = NO;
				CLANG_ANALYZER_NONNULL = YES;
				CLANG_ANALYZER_NUMBER_OBJECT_CONVERSION = YES_AGGRESSIVE;
				CLANG_CXX_LANGUAGE_STANDARD = "gnu++14";
				CLANG_CXX_LIBRARY = "libc++";
				CLANG_ENABLE_MODULES = YES;
				CLANG_ENABLE_OBJC_ARC = YES;
				CLANG_ENABLE_OBJC_WEAK = YES;
				CLANG_WARN_BLOCK_CAPTURE_AUTORELEASING = YES;
				CLANG_WARN_BOOL_CONVERSION = YES;
				CLANG_WARN_COMMA = YES;
				CLANG_WARN_CONSTANT_CONVERSION = YES;
				CLANG_WARN_DEPRECATED_OBJC_IMPLEMENTATIONS = YES;
				CLANG_WARN_DIRECT_OBJC_ISA_USAGE = YES_ERROR;
				CLANG_WARN_DOCUMENTATION_COMMENTS = YES;
				CLANG_WARN_EMPTY_BODY = YES;
				CLANG_WARN_ENUM_CONVERSION = YES;
				CLANG_WARN_INFINITE_RECURSION = YES;
				CLANG_WARN_INT_CONVERSION = YES;
				CLANG_WARN_NON_LITERAL_NULL_CONVERSION = YES;
				CLANG_WARN_OBJC_IMPLICIT_RETAIN_SELF = YES;
				CLANG_WARN_OBJC_LITERAL_CONVERSION = YES;
				CLANG_WARN_OBJC_ROOT_CLASS = YES_ERROR;
				CLANG_WARN_RANGE_LOOP_ANALYSIS = YES;
				CLANG_WARN_STRICT_PROTOTYPES = YES;
				CLANG_WARN_SUSPICIOUS_MOVE = YES;
				CLANG_WARN_UNGUARDED_AVAILABILITY = YES_AGGRESSIVE;
				CLANG_WARN_UNREACHABLE_CODE = YES;
				CLANG_WARN__DUPLICATE_METHOD_MATCH = YES;
				CODE_SIGN_IDENTITY = "iPhone Developer";
				COPY_PHASE_STRIP = NO;
				DEBUG_INFORMATION_FORMAT = dwarf;
				ENABLE_STRICT_OBJC_MSGSEND = YES;
				ENABLE_TESTABILITY = YES;
				GCC_C_LANGUAGE_STANDARD = gnu11;
				GCC_DYNAMIC_NO_PIC = NO;
				GCC_NO_COMMON_BLOCKS = YES;
				GCC_OPTIMIZATION_LEVEL = 0;
				GCC_PREPROCESSOR_DEFINITIONS = (
					"DEBUG=1",
					"$(inherited)",
				);
				GCC_WARN_64_TO_32_BIT_CONVERSION = YES;
				GCC_WARN_ABOUT_RETURN_TYPE = YES_ERROR;
				GCC_WARN_UNDECLARED_SELECTOR = YES;
				GCC_WARN_UNINITIALIZED_AUTOS = YES_AGGRESSIVE;
				GCC_WARN_UNUSED_FUNCTION = YES;
				GCC_WARN_UNUSED_VARIABLE = YES;
				IPHONEOS_DEPLOYMENT_TARGET = 11.4;
				MTL_ENABLE_DEBUG_INFO = YES;
				ONLY_ACTIVE_ARCH = YES;
				SDKROOT = iphoneos;
			};
			name = Debug;
		};
		BCC5226E20DF821C00915076 /* Release */ = {
			isa = XCBuildConfiguration;
			buildSettings = {
				ALWAYS_SEARCH_USER_PATHS = NO;
				CLANG_ANALYZER_NONNULL = YES;
				CLANG_ANALYZER_NUMBER_OBJECT_CONVERSION = YES_AGGRESSIVE;
				CLANG_CXX_LANGUAGE_STANDARD = "gnu++14";
				CLANG_CXX_LIBRARY = "libc++";
				CLANG_ENABLE_MODULES = YES;
				CLANG_ENABLE_OBJC_ARC = YES;
				CLANG_ENABLE_OBJC_WEAK = YES;
				CLANG_WARN_BLOCK_CAPTURE_AUTORELEASING = YES;
				CLANG_WARN_BOOL_CONVERSION = YES;
				CLANG_WARN_COMMA = YES;
				CLANG_WARN_CONSTANT_CONVERSION = YES;
				CLANG_WARN_DEPRECATED_OBJC_IMPLEMENTATIONS = YES;
				CLANG_WARN_DIRECT_OBJC_ISA_USAGE = YES_ERROR;
				CLANG_WARN_DOCUMENTATION_COMMENTS = YES;
				CLANG_WARN_EMPTY_BODY = YES;
				CLANG_WARN_ENUM_CONVERSION = YES;
				CLANG_WARN_INFINITE_RECURSION = YES;
				CLANG_WARN_INT_CONVERSION = YES;
				CLANG_WARN_NON_LITERAL_NULL_CONVERSION = YES;
				CLANG_WARN_OBJC_IMPLICIT_RETAIN_SELF = YES;
				CLANG_WARN_OBJC_LITERAL_CONVERSION = YES;
				CLANG_WARN_OBJC_ROOT_CLASS = YES_ERROR;
				CLANG_WARN_RANGE_LOOP_ANALYSIS = YES;
				CLANG_WARN_STRICT_PROTOTYPES = YES;
				CLANG_WARN_SUSPICIOUS_MOVE = YES;
				CLANG_WARN_UNGUARDED_AVAILABILITY = YES_AGGRESSIVE;
				CLANG_WARN_UNREACHABLE_CODE = YES;
				CLANG_WARN__DUPLICATE_METHOD_MATCH = YES;
				CODE_SIGN_IDENTITY = "iPhone Developer";
				COPY_PHASE_STRIP = NO;
				DEBUG_INFORMATION_FORMAT = "dwarf-with-dsym";
				ENABLE_NS_ASSERTIONS = NO;
				ENABLE_STRICT_OBJC_MSGSEND = YES;
				GCC_C_LANGUAGE_STANDARD = gnu11;
				GCC_NO_COMMON_BLOCKS = YES;
				GCC_WARN_64_TO_32_BIT_CONVERSION = YES;
				GCC_WARN_ABOUT_RETURN_TYPE = YES_ERROR;
				GCC_WARN_UNDECLARED_SELECTOR = YES;
				GCC_WARN_UNINITIALIZED_AUTOS = YES_AGGRESSIVE;
				GCC_WARN_UNUSED_FUNCTION = YES;
				GCC_WARN_UNUSED_VARIABLE = YES;
				IPHONEOS_DEPLOYMENT_TARGET = 11.4;
				MTL_ENABLE_DEBUG_INFO = NO;
				SDKROOT = iphoneos;
				VALIDATE_PRODUCT = YES;
			};
			name = Release;
		};
		BCC5227020DF821C00915076 /* Debug */ = {
			isa = XCBuildConfiguration;
			baseConfigurationReference = A1F49C961E601178366D6185 /* Pods-YYProject.debug.xcconfig */;
			buildSettings = {
				CODE_SIGN_STYLE = Automatic;
				DEVELOPMENT_TEAM = H536G2V449;
				GCC_PRECOMPILE_PREFIX_HEADER = YES;
				GCC_PREFIX_HEADER = /Users/yuyou/Desktop/YYProject/YYProject/Other/Config/ERPrefixHeader.pch;
				INFOPLIST_FILE = /Users/yuyou/Desktop/YYProject/YYProject/Other/TargetLibrary/Info.plist;
				IPHONEOS_DEPLOYMENT_TARGET = 8.0;
				LD_RUNPATH_SEARCH_PATHS = (
					"$(inherited)",
					"@executable_path/Frameworks",
				);
				PRODUCT_BUNDLE_IDENTIFIER = com.superyu.YYProject;
				PRODUCT_NAME = "$(TARGET_NAME)";
				TARGETED_DEVICE_FAMILY = 1;
			};
			name = Debug;
		};
		BCC5227120DF821C00915076 /* Release */ = {
			isa = XCBuildConfiguration;
			baseConfigurationReference = 438A20D041E09540E75DD5D8 /* Pods-YYProject.release.xcconfig */;
			buildSettings = {
				CODE_SIGN_STYLE = Automatic;
				DEVELOPMENT_TEAM = H536G2V449;
				GCC_PRECOMPILE_PREFIX_HEADER = YES;
				GCC_PREFIX_HEADER = /Users/yuyou/Desktop/YYProject/YYProject/Other/Config/ERPrefixHeader.pch;
				INFOPLIST_FILE = /Users/yuyou/Desktop/YYProject/YYProject/Other/TargetLibrary/Info.plist;
				IPHONEOS_DEPLOYMENT_TARGET = 8.0;
				LD_RUNPATH_SEARCH_PATHS = (
					"$(inherited)",
					"@executable_path/Frameworks",
				);
				PRODUCT_BUNDLE_IDENTIFIER = com.superyu.YYProject;
				PRODUCT_NAME = "$(TARGET_NAME)";
				TARGETED_DEVICE_FAMILY = 1;
			};
			name = Release;
		};
		BCC5227320DF821C00915076 /* Debug */ = {
			isa = XCBuildConfiguration;
			baseConfigurationReference = 840184932722718BCF808A27 /* Pods-YYProjectTests.debug.xcconfig */;
			buildSettings = {
				BUNDLE_LOADER = "$(TEST_HOST)";
				CODE_SIGN_STYLE = Automatic;
				DEVELOPMENT_TEAM = DDLQ622F2E;
				INFOPLIST_FILE = YYProjectTests/Info.plist;
				LD_RUNPATH_SEARCH_PATHS = (
					"$(inherited)",
					"@executable_path/Frameworks",
					"@loader_path/Frameworks",
				);
				PRODUCT_BUNDLE_IDENTIFIER = com.superyu.YYProjectTests;
				PRODUCT_NAME = "$(TARGET_NAME)";
				TARGETED_DEVICE_FAMILY = "1,2";
				TEST_HOST = "$(BUILT_PRODUCTS_DIR)/YYProject.app/YYProject";
			};
			name = Debug;
		};
		BCC5227420DF821C00915076 /* Release */ = {
			isa = XCBuildConfiguration;
			baseConfigurationReference = FDFDEFEF2094EDAE20564E4F /* Pods-YYProjectTests.release.xcconfig */;
			buildSettings = {
				BUNDLE_LOADER = "$(TEST_HOST)";
				CODE_SIGN_STYLE = Automatic;
				DEVELOPMENT_TEAM = DDLQ622F2E;
				INFOPLIST_FILE = YYProjectTests/Info.plist;
				LD_RUNPATH_SEARCH_PATHS = (
					"$(inherited)",
					"@executable_path/Frameworks",
					"@loader_path/Frameworks",
				);
				PRODUCT_BUNDLE_IDENTIFIER = com.superyu.YYProjectTests;
				PRODUCT_NAME = "$(TARGET_NAME)";
				TARGETED_DEVICE_FAMILY = "1,2";
				TEST_HOST = "$(BUILT_PRODUCTS_DIR)/YYProject.app/YYProject";
			};
			name = Release;
		};
		BCC5227620DF821C00915076 /* Debug */ = {
			isa = XCBuildConfiguration;
			baseConfigurationReference = 7FDC4EC9BF3878A821F48DE0 /* Pods-YYProjectUITests.debug.xcconfig */;
			buildSettings = {
				CODE_SIGN_STYLE = Automatic;
				DEVELOPMENT_TEAM = DDLQ622F2E;
				INFOPLIST_FILE = YYProjectUITests/Info.plist;
				LD_RUNPATH_SEARCH_PATHS = (
					"$(inherited)",
					"@executable_path/Frameworks",
					"@loader_path/Frameworks",
				);
				PRODUCT_BUNDLE_IDENTIFIER = com.superyu.YYProjectUITests;
				PRODUCT_NAME = "$(TARGET_NAME)";
				TARGETED_DEVICE_FAMILY = "1,2";
				TEST_TARGET_NAME = YYProject;
			};
			name = Debug;
		};
		BCC5227720DF821C00915076 /* Release */ = {
			isa = XCBuildConfiguration;
			baseConfigurationReference = B96C6EE10229317649F697DB /* Pods-YYProjectUITests.release.xcconfig */;
			buildSettings = {
				CODE_SIGN_STYLE = Automatic;
				DEVELOPMENT_TEAM = DDLQ622F2E;
				INFOPLIST_FILE = YYProjectUITests/Info.plist;
				LD_RUNPATH_SEARCH_PATHS = (
					"$(inherited)",
					"@executable_path/Frameworks",
					"@loader_path/Frameworks",
				);
				PRODUCT_BUNDLE_IDENTIFIER = com.superyu.YYProjectUITests;
				PRODUCT_NAME = "$(TARGET_NAME)";
				TARGETED_DEVICE_FAMILY = "1,2";
				TEST_TARGET_NAME = YYProject;
			};
			name = Release;
		};
/* End XCBuildConfiguration section */

/* Begin XCConfigurationList section */
		BCC5223E20DF821A00915076 /* Build configuration list for PBXProject "YYProject" */ = {
			isa = XCConfigurationList;
			buildConfigurations = (
				BCC5226D20DF821C00915076 /* Debug */,
				BCC5226E20DF821C00915076 /* Release */,
			);
			defaultConfigurationIsVisible = 0;
			defaultConfigurationName = Release;
		};
		BCC5226F20DF821C00915076 /* Build configuration list for PBXNativeTarget "YYProject" */ = {
			isa = XCConfigurationList;
			buildConfigurations = (
				BCC5227020DF821C00915076 /* Debug */,
				BCC5227120DF821C00915076 /* Release */,
			);
			defaultConfigurationIsVisible = 0;
			defaultConfigurationName = Release;
		};
		BCC5227220DF821C00915076 /* Build configuration list for PBXNativeTarget "YYProjectTests" */ = {
			isa = XCConfigurationList;
			buildConfigurations = (
				BCC5227320DF821C00915076 /* Debug */,
				BCC5227420DF821C00915076 /* Release */,
			);
			defaultConfigurationIsVisible = 0;
			defaultConfigurationName = Release;
		};
		BCC5227520DF821C00915076 /* Build configuration list for PBXNativeTarget "YYProjectUITests" */ = {
			isa = XCConfigurationList;
			buildConfigurations = (
				BCC5227620DF821C00915076 /* Debug */,
				BCC5227720DF821C00915076 /* Release */,
			);
			defaultConfigurationIsVisible = 0;
			defaultConfigurationName = Release;
		};
/* End XCConfigurationList section */
	};
	rootObject = BCC5223B20DF821A00915076 /* Project object */;
}
