// !$*UTF8*$!
{
	archiveVersion = 1;
	classes = {
	};
	objectVersion = 50;
	objects = {

/* Begin PBXBuildFile section */
		2095E7DA6D25DECE74A17647 /* libPods-YYProjectTests.a in Frameworks */ = {isa = PBXBuildFile; fileRef = 32DC7FABD71E02D3726F4D2F /* libPods-YYProjectTests.a */; };
		97A418236274164B0FC9E8AC /* libPods-YYProject.a in Frameworks */ = {isa = PBXBuildFile; fileRef = 723DFA20A8411F774CBC8223 /* libPods-YYProject.a */; };
		BCC5224820DF821A00915076 /* AppDelegate.m in Sources */ = {isa = PBXBuildFile; fileRef = BCC5224720DF821A00915076 /* AppDelegate.m */; };
		BCC5224B20DF821B00915076 /* ViewController.m in Sources */ = {isa = PBXBuildFile; fileRef = BCC5224A20DF821B00915076 /* ViewController.m */; };
		BCC5224E20DF821B00915076 /* Main.storyboard in Resources */ = {isa = PBXBuildFile; fileRef = BCC5224C20DF821B00915076 /* Main.storyboard */; };
		BCC5225020DF821C00915076 /* Assets.xcassets in Resources */ = {isa = PBXBuildFile; fileRef = BCC5224F20DF821C00915076 /* Assets.xcassets */; };
		BCC5225320DF821C00915076 /* LaunchScreen.storyboard in Resources */ = {isa = PBXBuildFile; fileRef = BCC5225120DF821C00915076 /* LaunchScreen.storyboard */; };
		BCC5225620DF821C00915076 /* main.m in Sources */ = {isa = PBXBuildFile; fileRef = BCC5225520DF821C00915076 /* main.m */; };
		BCC5226020DF821C00915076 /* YYProjectTests.m in Sources */ = {isa = PBXBuildFile; fileRef = BCC5225F20DF821C00915076 /* YYProjectTests.m */; };
		BCC5226B20DF821C00915076 /* YYProjectUITests.m in Sources */ = {isa = PBXBuildFile; fileRef = BCC5226A20DF821C00915076 /* YYProjectUITests.m */; };
		E031E760304F40DDA2A7EDCC /* libPods-YYProjectUITests.a in Frameworks */ = {isa = PBXBuildFile; fileRef = 98AFDFC5FDC9563A62FEE6AE /* libPods-YYProjectUITests.a */; };
/* End PBXBuildFile section */

/* Begin PBXContainerItemProxy section */
		BCC5225C20DF821C00915076 /* PBXContainerItemProxy */ = {
			isa = PBXContainerItemProxy;
			containerPortal = BCC5223B20DF821A00915076 /* Project object */;
			proxyType = 1;
			remoteGlobalIDString = BCC5224220DF821A00915076;
			remoteInfo = YYProject;
		};
		BCC5226720DF821C00915076 /* PBXContainerItemProxy */ = {
			isa = PBXContainerItemProxy;
			containerPortal = BCC5223B20DF821A00915076 /* Project object */;
			proxyType = 1;
			remoteGlobalIDString = BCC5224220DF821A00915076;
			remoteInfo = YYProject;
		};
/* End PBXContainerItemProxy section */

/* Begin PBXFileReference section */
		32DC7FABD71E02D3726F4D2F /* libPods-YYProjectTests.a */ = {isa = PBXFileReference; explicitFileType = archive.ar; includeInIndex = 0; path = "libPods-YYProjectTests.a"; sourceTree = BUILT_PRODUCTS_DIR; };
		438A20D041E09540E75DD5D8 /* Pods-YYProject.release.xcconfig */ = {isa = PBXFileReference; includeInIndex = 1; lastKnownFileType = text.xcconfig; name = "Pods-YYProject.release.xcconfig"; path = "Pods/Target Support Files/Pods-YYProject/Pods-YYProject.release.xcconfig"; sourceTree = "<group>"; };
		723DFA20A8411F774CBC8223 /* libPods-YYProject.a */ = {isa = PBXFileReference; explicitFileType = archive.ar; includeInIndex = 0; path = "libPods-YYProject.a"; sourceTree = BUILT_PRODUCTS_DIR; };
		7FDC4EC9BF3878A821F48DE0 /* Pods-YYProjectUITests.debug.xcconfig */ = {isa = PBXFileReference; includeInIndex = 1; lastKnownFileType = text.xcconfig; name = "Pods-YYProjectUITests.debug.xcconfig"; path = "Pods/Target Support Files/Pods-YYProjectUITests/Pods-YYProjectUITests.debug.xcconfig"; sourceTree = "<group>"; };
		840184932722718BCF808A27 /* Pods-YYProjectTests.debug.xcconfig */ = {isa = PBXFileReference; includeInIndex = 1; lastKnownFileType = text.xcconfig; name = "Pods-YYProjectTests.debug.xcconfig"; path = "Pods/Target Support Files/Pods-YYProjectTests/Pods-YYProjectTests.debug.xcconfig"; sourceTree = "<group>"; };
		98AFDFC5FDC9563A62FEE6AE /* libPods-YYProjectUITests.a */ = {isa = PBXFileReference; explicitFileType = archive.ar; includeInIndex = 0; path = "libPods-YYProjectUITests.a"; sourceTree = BUILT_PRODUCTS_DIR; };
		A1F49C961E601178366D6185 /* Pods-YYProject.debug.xcconfig */ = {isa = PBXFileReference; includeInIndex = 1; lastKnownFileType = text.xcconfig; name = "Pods-YYProject.debug.xcconfig"; path = "Pods/Target Support Files/Pods-YYProject/Pods-YYProject.debug.xcconfig"; sourceTree = "<group>"; };
		B96C6EE10229317649F697DB /* Pods-YYProjectUITests.release.xcconfig */ = {isa = PBXFileReference; includeInIndex = 1; lastKnownFileType = text.xcconfig; name = "Pods-YYProjectUITests.release.xcconfig"; path = "Pods/Target Support Files/Pods-YYProjectUITests/Pods-YYProjectUITests.release.xcconfig"; sourceTree = "<group>"; };
		BCC5224320DF821A00915076 /* YYProject.app */ = {isa = PBXFileReference; explicitFileType = wrapper.application; includeInIndex = 0; path = YYProject.app; sourceTree = BUILT_PRODUCTS_DIR; };
		BCC5224620DF821A00915076 /* AppDelegate.h */ = {isa = PBXFileReference; lastKnownFileType = sourcecode.c.h; path = AppDelegate.h; sourceTree = "<group>"; };
		BCC5224720DF821A00915076 /* AppDelegate.m */ = {isa = PBXFileReference; lastKnownFileType = sourcecode.c.objc; path = AppDelegate.m; sourceTree = "<group>"; };
		BCC5224920DF821B00915076 /* ViewController.h */ = {isa = PBXFileReference; lastKnownFileType = sourcecode.c.h; path = ViewController.h; sourceTree = "<group>"; };
		BCC5224A20DF821B00915076 /* ViewController.m */ = {isa = PBXFileReference; lastKnownFileType = sourcecode.c.objc; path = ViewController.m; sourceTree = "<group>"; };
		BCC5224D20DF821B00915076 /* Base */ = {isa = PBXFileReference; lastKnownFileType = file.storyboard; name = Base; path = Base.lproj/Main.storyboard; sourceTree = "<group>"; };
		BCC5224F20DF821C00915076 /* Assets.xcassets */ = {isa = PBXFileReference; lastKnownFileType = folder.assetcatalog; path = Assets.xcassets; sourceTree = "<group>"; };
		BCC5225220DF821C00915076 /* Base */ = {isa = PBXFileReference; lastKnownFileType = file.storyboard; name = Base; path = Base.lproj/LaunchScreen.storyboard; sourceTree = "<group>"; };
		BCC5225420DF821C00915076 /* Info.plist */ = {isa = PBXFileReference; lastKnownFileType = text.plist.xml; path = Info.plist; sourceTree = "<group>"; };
		BCC5225520DF821C00915076 /* main.m */ = {isa = PBXFileReference; lastKnownFileType = sourcecode.c.objc; path = main.m; sourceTree = "<group>"; };
		BCC5225B20DF821C00915076 /* YYProjectTests.xctest */ = {isa = PBXFileReference; explicitFileType = wrapper.cfbundle; includeInIndex = 0; path = YYProjectTests.xctest; sourceTree = BUILT_PRODUCTS_DIR; };
		BCC5225F20DF821C00915076 /* YYProjectTests.m */ = {isa = PBXFileReference; lastKnownFileType = sourcecode.c.objc; path = YYProjectTests.m; sourceTree = "<group>"; };
		BCC5226120DF821C00915076 /* Info.plist */ = {isa = PBXFileReference; lastKnownFileType = text.plist.xml; path = Info.plist; sourceTree = "<group>"; };
		BCC5226620DF821C00915076 /* YYProjectUITests.xctest */ = {isa = PBXFileReference; explicitFileType = wrapper.cfbundle; includeInIndex = 0; path = YYProjectUITests.xctest; sourceTree = BUILT_PRODUCTS_DIR; };
		BCC5226A20DF821C00915076 /* YYProjectUITests.m */ = {isa = PBXFileReference; lastKnownFileType = sourcecode.c.objc; path = YYProjectUITests.m; sourceTree = "<group>"; };
		BCC5226C20DF821C00915076 /* Info.plist */ = {isa = PBXFileReference; lastKnownFileType = text.plist.xml; path = Info.plist; sourceTree = "<group>"; };
		FDFDEFEF2094EDAE20564E4F /* Pods-YYProjectTests.release.xcconfig */ = {isa = PBXFileReference; includeInIndex = 1; lastKnownFileType = text.xcconfig; name = "Pods-YYProjectTests.release.xcconfig"; path = "Pods/Target Support Files/Pods-YYProjectTests/Pods-YYProjectTests.release.xcconfig"; sourceTree = "<group>"; };
/* End PBXFileReference section */

/* Begin PBXFrameworksBuildPhase section */
		BCC5224020DF821A00915076 /* Frameworks */ = {
			isa = PBXFrameworksBuildPhase;
			buildActionMask = 2147483647;
			files = (
				97A418236274164B0FC9E8AC /* libPods-YYProject.a in Frameworks */,
			);
			runOnlyForDeploymentPostprocessing = 0;
		};
		BCC5225820DF821C00915076 /* Frameworks */ = {
			isa = PBXFrameworksBuildPhase;
			buildActionMask = 2147483647;
			files = (
				2095E7DA6D25DECE74A17647 /* libPods-YYProjectTests.a in Frameworks */,
			);
			runOnlyForDeploymentPostprocessing = 0;
		};
		BCC5226320DF821C00915076 /* Frameworks */ = {
			isa = PBXFrameworksBuildPhase;
			buildActionMask = 2147483647;
			files = (
				E031E760304F40DDA2A7EDCC /* libPods-YYProjectUITests.a in Frameworks */,
			);
			runOnlyForDeploymentPostprocessing = 0;
		};
/* End PBXFrameworksBuildPhase section */

/* Begin PBXGroup section */
		70C4D51F8DF8F559DEFFB2C9 /* Frameworks */ = {
			isa = PBXGroup;
			children = (
				723DFA20A8411F774CBC8223 /* libPods-YYProject.a */,
				32DC7FABD71E02D3726F4D2F /* libPods-YYProjectTests.a */,
				98AFDFC5FDC9563A62FEE6AE /* libPods-YYProjectUITests.a */,
			);
			name = Frameworks;
			sourceTree = "<group>";
		};
		A65FA74323480B7553D3718B /* Pods */ = {
			isa = PBXGroup;
			children = (
				A1F49C961E601178366D6185 /* Pods-YYProject.debug.xcconfig */,
				438A20D041E09540E75DD5D8 /* Pods-YYProject.release.xcconfig */,
				840184932722718BCF808A27 /* Pods-YYProjectTests.debug.xcconfig */,
				FDFDEFEF2094EDAE20564E4F /* Pods-YYProjectTests.release.xcconfig */,
				7FDC4EC9BF3878A821F48DE0 /* Pods-YYProjectUITests.debug.xcconfig */,
				B96C6EE10229317649F697DB /* Pods-YYProjectUITests.release.xcconfig */,
			);
			name = Pods;
			sourceTree = "<group>";
		};
		BCC5223A20DF821A00915076 = {
			isa = PBXGroup;
			children = (
				BCC5224520DF821A00915076 /* YYProject */,
				BCC5225E20DF821C00915076 /* YYProjectTests */,
				BCC5226920DF821C00915076 /* YYProjectUITests */,
				BCC5224420DF821A00915076 /* Products */,
				A65FA74323480B7553D3718B /* Pods */,
				70C4D51F8DF8F559DEFFB2C9 /* Frameworks */,
			);
			sourceTree = "<group>";
		};
		BCC5224420DF821A00915076 /* Products */ = {
			isa = PBXGroup;
			children = (
				BCC5224320DF821A00915076 /* YYProject.app */,
				BCC5225B20DF821C00915076 /* YYProjectTests.xctest */,
				BCC5226620DF821C00915076 /* YYProjectUITests.xctest */,
			);
			name = Products;
			sourceTree = "<group>";
		};
		BCC5224520DF821A00915076 /* YYProject */ = {
			isa = PBXGroup;
			children = (
				BCC5224620DF821A00915076 /* AppDelegate.h */,
				BCC5224720DF821A00915076 /* AppDelegate.m */,
				BCC5224920DF821B00915076 /* ViewController.h */,
				BCC5224A20DF821B00915076 /* ViewController.m */,
				BCC5224C20DF821B00915076 /* Main.storyboard */,
				BCC5224F20DF821C00915076 /* Assets.xcassets */,
				BCC5225120DF821C00915076 /* LaunchScreen.storyboard */,
				BCC5225420DF821C00915076 /* Info.plist */,
				BCC5225520DF821C00915076 /* main.m */,
			);
			path = YYProject;
			sourceTree = "<group>";
		};
		BCC5225E20DF821C00915076 /* YYProjectTests */ = {
			isa = PBXGroup;
			children = (
				BCC5225F20DF821C00915076 /* YYProjectTests.m */,
				BCC5226120DF821C00915076 /* Info.plist */,
			);
			path = YYProjectTests;
			sourceTree = "<group>";
		};
		BCC5226920DF821C00915076 /* YYProjectUITests */ = {
			isa = PBXGroup;
			children = (
				BCC5226A20DF821C00915076 /* YYProjectUITests.m */,
				BCC5226C20DF821C00915076 /* Info.plist */,
			);
			path = YYProjectUITests;
			sourceTree = "<group>";
		};
/* End PBXGroup section */

/* Begin PBXNativeTarget section */
		BCC5224220DF821A00915076 /* YYProject */ = {
			isa = PBXNativeTarget;
			buildConfigurationList = BCC5226F20DF821C00915076 /* Build configuration list for PBXNativeTarget "YYProject" */;
			buildPhases = (
				E306593E8014B661C0271D9C /* [CP] Check Pods Manifest.lock */,
				BCC5223F20DF821A00915076 /* Sources */,
				BCC5224020DF821A00915076 /* Frameworks */,
				BCC5224120DF821A00915076 /* Resources */,
			);
			buildRules = (
			);
			dependencies = (
			);
			name = YYProject;
			productName = YYProject;
			productReference = BCC5224320DF821A00915076 /* YYProject.app */;
			productType = "com.apple.product-type.application";
		};
		BCC5225A20DF821C00915076 /* YYProjectTests */ = {
			isa = PBXNativeTarget;
			buildConfigurationList = BCC5227220DF821C00915076 /* Build configuration list for PBXNativeTarget "YYProjectTests" */;
			buildPhases = (
				059170E9074D575C3DCF8233 /* [CP] Check Pods Manifest.lock */,
				BCC5225720DF821C00915076 /* Sources */,
				BCC5225820DF821C00915076 /* Frameworks */,
				BCC5225920DF821C00915076 /* Resources */,
			);
			buildRules = (
			);
			dependencies = (
				BCC5225D20DF821C00915076 /* PBXTargetDependency */,
			);
			name = YYProjectTests;
			productName = YYProjectTests;
			productReference = BCC5225B20DF821C00915076 /* YYProjectTests.xctest */;
			productType = "com.apple.product-type.bundle.unit-test";
		};
		BCC5226520DF821C00915076 /* YYProjectUITests */ = {
			isa = PBXNativeTarget;
			buildConfigurationList = BCC5227520DF821C00915076 /* Build configuration list for PBXNativeTarget "YYProjectUITests" */;
			buildPhases = (
				FECEAB327624A57B38F40084 /* [CP] Check Pods Manifest.lock */,
				BCC5226220DF821C00915076 /* Sources */,
				BCC5226320DF821C00915076 /* Frameworks */,
				BCC5226420DF821C00915076 /* Resources */,
			);
			buildRules = (
			);
			dependencies = (
				BCC5226820DF821C00915076 /* PBXTargetDependency */,
			);
			name = YYProjectUITests;
			productName = YYProjectUITests;
			productReference = BCC5226620DF821C00915076 /* YYProjectUITests.xctest */;
			productType = "com.apple.product-type.bundle.ui-testing";
		};
/* End PBXNativeTarget section */

/* Begin PBXProject section */
		BCC5223B20DF821A00915076 /* Project object */ = {
			isa = PBXProject;
			attributes = {
				LastUpgradeCheck = 0940;
				ORGANIZATIONNAME = SuperYu;
				TargetAttributes = {
					BCC5224220DF821A00915076 = {
						CreatedOnToolsVersion = 9.4.1;
					};
					BCC5225A20DF821C00915076 = {
						CreatedOnToolsVersion = 9.4.1;
						TestTargetID = BCC5224220DF821A00915076;
					};
					BCC5226520DF821C00915076 = {
						CreatedOnToolsVersion = 9.4.1;
						TestTargetID = BCC5224220DF821A00915076;
					};
				};
			};
			buildConfigurationList = BCC5223E20DF821A00915076 /* Build configuration list for PBXProject "YYProject" */;
			compatibilityVersion = "Xcode 9.3";
			developmentRegion = en;
			hasScannedForEncodings = 0;
			knownRegions = (
				en,
				Base,
			);
			mainGroup = BCC5223A20DF821A00915076;
			productRefGroup = BCC5224420DF821A00915076 /* Products */;
			projectDirPath = "";
			projectRoot = "";
			targets = (
				BCC5224220DF821A00915076 /* YYProject */,
				BCC5225A20DF821C00915076 /* YYProjectTests */,
				BCC5226520DF821C00915076 /* YYProjectUITests */,
			);
		};
/* End PBXProject section */

/* Begin PBXResourcesBuildPhase section */
		BCC5224120DF821A00915076 /* Resources */ = {
			isa = PBXResourcesBuildPhase;
			buildActionMask = 2147483647;
			files = (
				BCC5225320DF821C00915076 /* LaunchScreen.storyboard in Resources */,
				BCC5225020DF821C00915076 /* Assets.xcassets in Resources */,
				BCC5224E20DF821B00915076 /* Main.storyboard in Resources */,
			);
			runOnlyForDeploymentPostprocessing = 0;
		};
		BCC5225920DF821C00915076 /* Resources */ = {
			isa = PBXResourcesBuildPhase;
			buildActionMask = 2147483647;
			files = (
			);
			runOnlyForDeploymentPostprocessing = 0;
		};
		BCC5226420DF821C00915076 /* Resources */ = {
			isa = PBXResourcesBuildPhase;
			buildActionMask = 2147483647;
			files = (
			);
			runOnlyForDeploymentPostprocessing = 0;
		};
/* End PBXResourcesBuildPhase section */

/* Begin PBXShellScriptBuildPhase section */
		059170E9074D575C3DCF8233 /* [CP] Check Pods Manifest.lock */ = {
			isa = PBXShellScriptBuildPhase;
			buildActionMask = 2147483647;
			files = (
			);
			inputPaths = (
				"${PODS_PODFILE_DIR_PATH}/Podfile.lock",
				"${PODS_ROOT}/Manifest.lock",
			);
			name = "[CP] Check Pods Manifest.lock";
			outputPaths = (
				"$(DERIVED_FILE_DIR)/Pods-YYProjectTests-checkManifestLockResult.txt",
			);
			runOnlyForDeploymentPostprocessing = 0;
			shellPath = /bin/sh;
			shellScript = "diff \"${PODS_PODFILE_DIR_PATH}/Podfile.lock\" \"${PODS_ROOT}/Manifest.lock\" > /dev/null\nif [ $? != 0 ] ; then\n    # print error to STDERR\n    echo \"error: The sandbox is not in sync with the Podfile.lock. Run 'pod install' or update your CocoaPods installation.\" >&2\n    exit 1\nfi\n# This output is used by Xcode 'outputs' to avoid re-running this script phase.\necho \"SUCCESS\" > \"${SCRIPT_OUTPUT_FILE_0}\"\n";
			showEnvVarsInLog = 0;
		};
		E306593E8014B661C0271D9C /* [CP] Check Pods Manifest.lock */ = {
			isa = PBXShellScriptBuildPhase;
			buildActionMask = 2147483647;
			files = (
			);
			inputPaths = (
				"${PODS_PODFILE_DIR_PATH}/Podfile.lock",
				"${PODS_ROOT}/Manifest.lock",
			);
			name = "[CP] Check Pods Manifest.lock";
			outputPaths = (
				"$(DERIVED_FILE_DIR)/Pods-YYProject-checkManifestLockResult.txt",
			);
			runOnlyForDeploymentPostprocessing = 0;
			shellPath = /bin/sh;
			shellScript = "diff \"${PODS_PODFILE_DIR_PATH}/Podfile.lock\" \"${PODS_ROOT}/Manifest.lock\" > /dev/null\nif [ $? != 0 ] ; then\n    # print error to STDERR\n    echo \"error: The sandbox is not in sync with the Podfile.lock. Run 'pod install' or update your CocoaPods installation.\" >&2\n    exit 1\nfi\n# This output is used by Xcode 'outputs' to avoid re-running this script phase.\necho \"SUCCESS\" > \"${SCRIPT_OUTPUT_FILE_0}\"\n";
			showEnvVarsInLog = 0;
		};
		FECEAB327624A57B38F40084 /* [CP] Check Pods Manifest.lock */ = {
			isa = PBXShellScriptBuildPhase;
			buildActionMask = 2147483647;
			files = (
			);
			inputPaths = (
				"${PODS_PODFILE_DIR_PATH}/Podfile.lock",
				"${PODS_ROOT}/Manifest.lock",
			);
			name = "[CP] Check Pods Manifest.lock";
			outputPaths = (
				"$(DERIVED_FILE_DIR)/Pods-YYProjectUITests-checkManifestLockResult.txt",
			);
			runOnlyForDeploymentPostprocessing = 0;
			shellPath = /bin/sh;
			shellScript = "diff \"${PODS_PODFILE_DIR_PATH}/Podfile.lock\" \"${PODS_ROOT}/Manifest.lock\" > /dev/null\nif [ $? != 0 ] ; then\n    # print error to STDERR\n    echo \"error: The sandbox is not in sync with the Podfile.lock. Run 'pod install' or update your CocoaPods installation.\" >&2\n    exit 1\nfi\n# This output is used by Xcode 'outputs' to avoid re-running this script phase.\necho \"SUCCESS\" > \"${SCRIPT_OUTPUT_FILE_0}\"\n";
			showEnvVarsInLog = 0;
		};
/* End PBXShellScriptBuildPhase section */

/* Begin PBXSourcesBuildPhase section */
		BCC5223F20DF821A00915076 /* Sources */ = {
			isa = PBXSourcesBuildPhase;
			buildActionMask = 2147483647;
			files = (
				BCC5224B20DF821B00915076 /* ViewController.m in Sources */,
				BCC5225620DF821C00915076 /* main.m in Sources */,
				BCC5224820DF821A00915076 /* AppDelegate.m in Sources */,
			);
			runOnlyForDeploymentPostprocessing = 0;
		};
		BCC5225720DF821C00915076 /* Sources */ = {
			isa = PBXSourcesBuildPhase;
			buildActionMask = 2147483647;
			files = (
				BCC5226020DF821C00915076 /* YYProjectTests.m in Sources */,
			);
			runOnlyForDeploymentPostprocessing = 0;
		};
		BCC5226220DF821C00915076 /* Sources */ = {
			isa = PBXSourcesBuildPhase;
			buildActionMask = 2147483647;
			files = (
				BCC5226B20DF821C00915076 /* YYProjectUITests.m in Sources */,
			);
			runOnlyForDeploymentPostprocessing = 0;
		};
/* End PBXSourcesBuildPhase section */

/* Begin PBXTargetDependency section */
		BCC5225D20DF821C00915076 /* PBXTargetDependency */ = {
			isa = PBXTargetDependency;
			target = BCC5224220DF821A00915076 /* YYProject */;
			targetProxy = BCC5225C20DF821C00915076 /* PBXContainerItemProxy */;
		};
		BCC5226820DF821C00915076 /* PBXTargetDependency */ = {
			isa = PBXTargetDependency;
			target = BCC5224220DF821A00915076 /* YYProject */;
			targetProxy = BCC5226720DF821C00915076 /* PBXContainerItemProxy */;
		};
/* End PBXTargetDependency section */

/* Begin PBXVariantGroup section */
		BCC5224C20DF821B00915076 /* Main.storyboard */ = {
			isa = PBXVariantGroup;
			children = (
				BCC5224D20DF821B00915076 /* Base */,
			);
			name = Main.storyboard;
			sourceTree = "<group>";
		};
		BCC5225120DF821C00915076 /* LaunchScreen.storyboard */ = {
			isa = PBXVariantGroup;
			children = (
				BCC5225220DF821C00915076 /* Base */,
			);
			name = LaunchScreen.storyboard;
			sourceTree = "<group>";
		};
/* End PBXVariantGroup section */

/* Begin XCBuildConfiguration section */
		BCC5226D20DF821C00915076 /* Debug */ = {
			isa = XCBuildConfiguration;
			buildSettings = {
				ALWAYS_SEARCH_USER_PATHS = NO;
				CLANG_ANALYZER_NONNULL = YES;
				CLANG_ANALYZER_NUMBER_OBJECT_CONVERSION = YES_AGGRESSIVE;
				CLANG_CXX_LANGUAGE_STANDARD = "gnu++14";
				CLANG_CXX_LIBRARY = "libc++";
				CLANG_ENABLE_MODULES = YES;
				CLANG_ENABLE_OBJC_ARC = YES;
				CLANG_ENABLE_OBJC_WEAK = YES;
				CLANG_WARN_BLOCK_CAPTURE_AUTORELEASING = YES;
				CLANG_WARN_BOOL_CONVERSION = YES;
				CLANG_WARN_COMMA = YES;
				CLANG_WARN_CONSTANT_CONVERSION = YES;
				CLANG_WARN_DEPRECATED_OBJC_IMPLEMENTATIONS = YES;
				CLANG_WARN_DIRECT_OBJC_ISA_USAGE = YES_ERROR;
				CLANG_WARN_DOCUMENTATION_COMMENTS = YES;
				CLANG_WARN_EMPTY_BODY = YES;
				CLANG_WARN_ENUM_CONVERSION = YES;
				CLANG_WARN_INFINITE_RECURSION = YES;
				CLANG_WARN_INT_CONVERSION = YES;
				CLANG_WARN_NON_LITERAL_NULL_CONVERSION = YES;
				CLANG_WARN_OBJC_IMPLICIT_RETAIN_SELF = YES;
				CLANG_WARN_OBJC_LITERAL_CONVERSION = YES;
				CLANG_WARN_OBJC_ROOT_CLASS = YES_ERROR;
				CLANG_WARN_RANGE_LOOP_ANALYSIS = YES;
				CLANG_WARN_STRICT_PROTOTYPES = YES;
				CLANG_WARN_SUSPICIOUS_MOVE = YES;
				CLANG_WARN_UNGUARDED_AVAILABILITY = YES_AGGRESSIVE;
				CLANG_WARN_UNREACHABLE_CODE = YES;
				CLANG_WARN__DUPLICATE_METHOD_MATCH = YES;
				CODE_SIGN_IDENTITY = "iPhone Developer";
				COPY_PHASE_STRIP = NO;
				DEBUG_INFORMATION_FORMAT = dwarf;
				ENABLE_STRICT_OBJC_MSGSEND = YES;
				ENABLE_TESTABILITY = YES;
				GCC_C_LANGUAGE_STANDARD = gnu11;
				GCC_DYNAMIC_NO_PIC = NO;
				GCC_NO_COMMON_BLOCKS = YES;
				GCC_OPTIMIZATION_LEVEL = 0;
				GCC_PREPROCESSOR_DEFINITIONS = (
					"DEBUG=1",
					"$(inherited)",
				);
				GCC_WARN_64_TO_32_BIT_CONVERSION = YES;
				GCC_WARN_ABOUT_RETURN_TYPE = YES_ERROR;
				GCC_WARN_UNDECLARED_SELECTOR = YES;
				GCC_WARN_UNINITIALIZED_AUTOS = YES_AGGRESSIVE;
				GCC_WARN_UNUSED_FUNCTION = YES;
				GCC_WARN_UNUSED_VARIABLE = YES;
				IPHONEOS_DEPLOYMENT_TARGET = 11.4;
				MTL_ENABLE_DEBUG_INFO = YES;
				ONLY_ACTIVE_ARCH = YES;
				SDKROOT = iphoneos;
			};
			name = Debug;
		};
		BCC5226E20DF821C00915076 /* Release */ = {
			isa = XCBuildConfiguration;
			buildSettings = {
				ALWAYS_SEARCH_USER_PATHS = NO;
				CLANG_ANALYZER_NONNULL = YES;
				CLANG_ANALYZER_NUMBER_OBJECT_CONVERSION = YES_AGGRESSIVE;
				CLANG_CXX_LANGUAGE_STANDARD = "gnu++14";
				CLANG_CXX_LIBRARY = "libc++";
				CLANG_ENABLE_MODULES = YES;
				CLANG_ENABLE_OBJC_ARC = YES;
				CLANG_ENABLE_OBJC_WEAK = YES;
				CLANG_WARN_BLOCK_CAPTURE_AUTORELEASING = YES;
				CLANG_WARN_BOOL_CONVERSION = YES;
				CLANG_WARN_COMMA = YES;
				CLANG_WARN_CONSTANT_CONVERSION = YES;
				CLANG_WARN_DEPRECATED_OBJC_IMPLEMENTATIONS = YES;
				CLANG_WARN_DIRECT_OBJC_ISA_USAGE = YES_ERROR;
				CLANG_WARN_DOCUMENTATION_COMMENTS = YES;
				CLANG_WARN_EMPTY_BODY = YES;
				CLANG_WARN_ENUM_CONVERSION = YES;
				CLANG_WARN_INFINITE_RECURSION = YES;
				CLANG_WARN_INT_CONVERSION = YES;
				CLANG_WARN_NON_LITERAL_NULL_CONVERSION = YES;
				CLANG_WARN_OBJC_IMPLICIT_RETAIN_SELF = YES;
				CLANG_WARN_OBJC_LITERAL_CONVERSION = YES;
				CLANG_WARN_OBJC_ROOT_CLASS = YES_ERROR;
				CLANG_WARN_RANGE_LOOP_ANALYSIS = YES;
				CLANG_WARN_STRICT_PROTOTYPES = YES;
				CLANG_WARN_SUSPICIOUS_MOVE = YES;
				CLANG_WARN_UNGUARDED_AVAILABILITY = YES_AGGRESSIVE;
				CLANG_WARN_UNREACHABLE_CODE = YES;
				CLANG_WARN__DUPLICATE_METHOD_MATCH = YES;
				CODE_SIGN_IDENTITY = "iPhone Developer";
				COPY_PHASE_STRIP = NO;
				DEBUG_INFORMATION_FORMAT = "dwarf-with-dsym";
				ENABLE_NS_ASSERTIONS = NO;
				ENABLE_STRICT_OBJC_MSGSEND = YES;
				GCC_C_LANGUAGE_STANDARD = gnu11;
				GCC_NO_COMMON_BLOCKS = YES;
				GCC_WARN_64_TO_32_BIT_CONVERSION = YES;
				GCC_WARN_ABOUT_RETURN_TYPE = YES_ERROR;
				GCC_WARN_UNDECLARED_SELECTOR = YES;
				GCC_WARN_UNINITIALIZED_AUTOS = YES_AGGRESSIVE;
				GCC_WARN_UNUSED_FUNCTION = YES;
				GCC_WARN_UNUSED_VARIABLE = YES;
				IPHONEOS_DEPLOYMENT_TARGET = 11.4;
				MTL_ENABLE_DEBUG_INFO = NO;
				SDKROOT = iphoneos;
				VALIDATE_PRODUCT = YES;
			};
			name = Release;
		};
		BCC5227020DF821C00915076 /* Debug */ = {
			isa = XCBuildConfiguration;
			baseConfigurationReference = A1F49C961E601178366D6185 /* Pods-YYProject.debug.xcconfig */;
			buildSettings = {
				ASSETCATALOG_COMPILER_APPICON_NAME = AppIcon;
				CODE_SIGN_STYLE = Automatic;
				DEVELOPMENT_TEAM = H536G2V449;
				INFOPLIST_FILE = YYProject/Info.plist;
				IPHONEOS_DEPLOYMENT_TARGET = 8.0;
				LD_RUNPATH_SEARCH_PATHS = (
					"$(inherited)",
					"@executable_path/Frameworks",
				);
				PRODUCT_BUNDLE_IDENTIFIER = com.superyu.YYProject;
				PRODUCT_NAME = "$(TARGET_NAME)";
				TARGETED_DEVICE_FAMILY = 1;
			};
			name = Debug;
		};
		BCC5227120DF821C00915076 /* Release */ = {
			isa = XCBuildConfiguration;
			baseConfigurationReference = 438A20D041E09540E75DD5D8 /* Pods-YYProject.release.xcconfig */;
			buildSettings = {
				ASSETCATALOG_COMPILER_APPICON_NAME = AppIcon;
				CODE_SIGN_STYLE = Automatic;
				DEVELOPMENT_TEAM = H536G2V449;
				INFOPLIST_FILE = YYProject/Info.plist;
				IPHONEOS_DEPLOYMENT_TARGET = 8.0;
				LD_RUNPATH_SEARCH_PATHS = (
					"$(inherited)",
					"@executable_path/Frameworks",
				);
				PRODUCT_BUNDLE_IDENTIFIER = com.superyu.YYProject;
				PRODUCT_NAME = "$(TARGET_NAME)";
				TARGETED_DEVICE_FAMILY = 1;
			};
			name = Release;
		};
		BCC5227320DF821C00915076 /* Debug */ = {
			isa = XCBuildConfiguration;
			baseConfigurationReference = 840184932722718BCF808A27 /* Pods-YYProjectTests.debug.xcconfig */;
			buildSettings = {
				BUNDLE_LOADER = "$(TEST_HOST)";
				CODE_SIGN_STYLE = Automatic;
				DEVELOPMENT_TEAM = DDLQ622F2E;
				INFOPLIST_FILE = YYProjectTests/Info.plist;
				LD_RUNPATH_SEARCH_PATHS = (
					"$(inherited)",
					"@executable_path/Frameworks",
					"@loader_path/Frameworks",
				);
				PRODUCT_BUNDLE_IDENTIFIER = com.superyu.YYProjectTests;
				PRODUCT_NAME = "$(TARGET_NAME)";
				TARGETED_DEVICE_FAMILY = "1,2";
				TEST_HOST = "$(BUILT_PRODUCTS_DIR)/YYProject.app/YYProject";
			};
			name = Debug;
		};
		BCC5227420DF821C00915076 /* Release */ = {
			isa = XCBuildConfiguration;
			baseConfigurationReference = FDFDEFEF2094EDAE20564E4F /* Pods-YYProjectTests.release.xcconfig */;
			buildSettings = {
				BUNDLE_LOADER = "$(TEST_HOST)";
				CODE_SIGN_STYLE = Automatic;
				DEVELOPMENT_TEAM = DDLQ622F2E;
				INFOPLIST_FILE = YYProjectTests/Info.plist;
				LD_RUNPATH_SEARCH_PATHS = (
					"$(inherited)",
					"@executable_path/Frameworks",
					"@loader_path/Frameworks",
				);
				PRODUCT_BUNDLE_IDENTIFIER = com.superyu.YYProjectTests;
				PRODUCT_NAME = "$(TARGET_NAME)";
				TARGETED_DEVICE_FAMILY = "1,2";
				TEST_HOST = "$(BUILT_PRODUCTS_DIR)/YYProject.app/YYProject";
			};
			name = Release;
		};
		BCC5227620DF821C00915076 /* Debug */ = {
			isa = XCBuildConfiguration;
			baseConfigurationReference = 7FDC4EC9BF3878A821F48DE0 /* Pods-YYProjectUITests.debug.xcconfig */;
			buildSettings = {
				CODE_SIGN_STYLE = Automatic;
				DEVELOPMENT_TEAM = DDLQ622F2E;
				INFOPLIST_FILE = YYProjectUITests/Info.plist;
				LD_RUNPATH_SEARCH_PATHS = (
					"$(inherited)",
					"@executable_path/Frameworks",
					"@loader_path/Frameworks",
				);
				PRODUCT_BUNDLE_IDENTIFIER = com.superyu.YYProjectUITests;
				PRODUCT_NAME = "$(TARGET_NAME)";
				TARGETED_DEVICE_FAMILY = "1,2";
				TEST_TARGET_NAME = YYProject;
			};
			name = Debug;
		};
		BCC5227720DF821C00915076 /* Release */ = {
			isa = XCBuildConfiguration;
			baseConfigurationReference = B96C6EE10229317649F697DB /* Pods-YYProjectUITests.release.xcconfig */;
			buildSettings = {
				CODE_SIGN_STYLE = Automatic;
				DEVELOPMENT_TEAM = DDLQ622F2E;
				INFOPLIST_FILE = YYProjectUITests/Info.plist;
				LD_RUNPATH_SEARCH_PATHS = (
					"$(inherited)",
					"@executable_path/Frameworks",
					"@loader_path/Frameworks",
				);
				PRODUCT_BUNDLE_IDENTIFIER = com.superyu.YYProjectUITests;
				PRODUCT_NAME = "$(TARGET_NAME)";
				TARGETED_DEVICE_FAMILY = "1,2";
				TEST_TARGET_NAME = YYProject;
			};
			name = Release;
		};
/* End XCBuildConfiguration section */

/* Begin XCConfigurationList section */
		BCC5223E20DF821A00915076 /* Build configuration list for PBXProject "YYProject" */ = {
			isa = XCConfigurationList;
			buildConfigurations = (
				BCC5226D20DF821C00915076 /* Debug */,
				BCC5226E20DF821C00915076 /* Release */,
			);
			defaultConfigurationIsVisible = 0;
			defaultConfigurationName = Release;
		};
		BCC5226F20DF821C00915076 /* Build configuration list for PBXNativeTarget "YYProject" */ = {
			isa = XCConfigurationList;
			buildConfigurations = (
				BCC5227020DF821C00915076 /* Debug */,
				BCC5227120DF821C00915076 /* Release */,
			);
			defaultConfigurationIsVisible = 0;
			defaultConfigurationName = Release;
		};
		BCC5227220DF821C00915076 /* Build configuration list for PBXNativeTarget "YYProjectTests" */ = {
			isa = XCConfigurationList;
			buildConfigurations = (
				BCC5227320DF821C00915076 /* Debug */,
				BCC5227420DF821C00915076 /* Release */,
			);
			defaultConfigurationIsVisible = 0;
			defaultConfigurationName = Release;
		};
		BCC5227520DF821C00915076 /* Build configuration list for PBXNativeTarget "YYProjectUITests" */ = {
			isa = XCConfigurationList;
			buildConfigurations = (
				BCC5227620DF821C00915076 /* Debug */,
				BCC5227720DF821C00915076 /* Release */,
			);
			defaultConfigurationIsVisible = 0;
			defaultConfigurationName = Release;
		};
/* End XCConfigurationList section */
	};
	rootObject = BCC5223B20DF821A00915076 /* Project object */;
}
